// !$*UTF8*$!
{
	archiveVersion = 1;
	classes = {
	};
	objectVersion = 46;
	objects = {

/* Begin PBXBuildFile section */
		BF1983FD1BACFEEB008C742B /* AppDelegate.swift in Sources */ = {isa = PBXBuildFile; fileRef = BF1983FC1BACFEEB008C742B /* AppDelegate.swift */; };
		BF1983FF1BACFEEB008C742B /* ViewController.swift in Sources */ = {isa = PBXBuildFile; fileRef = BF1983FE1BACFEEB008C742B /* ViewController.swift */; };
		BF1984021BACFEEB008C742B /* Main.storyboard in Resources */ = {isa = PBXBuildFile; fileRef = BF1984001BACFEEB008C742B /* Main.storyboard */; };
		BF1984041BACFEEB008C742B /* Images.xcassets in Resources */ = {isa = PBXBuildFile; fileRef = BF1984031BACFEEB008C742B /* Images.xcassets */; };
		BF1984071BACFEEB008C742B /* LaunchScreen.xib in Resources */ = {isa = PBXBuildFile; fileRef = BF1984051BACFEEB008C742B /* LaunchScreen.xib */; };
		BF1984131BACFEEB008C742B /* piggybankTests.swift in Sources */ = {isa = PBXBuildFile; fileRef = BF1984121BACFEEB008C742B /* piggybankTests.swift */; };
/* End PBXBuildFile section */

/* Begin PBXContainerItemProxy section */
		BF19840D1BACFEEB008C742B /* PBXContainerItemProxy */ = {
			isa = PBXContainerItemProxy;
			containerPortal = BF1983EF1BACFEEB008C742B /* Project object */;
			proxyType = 1;
			remoteGlobalIDString = BF1983F61BACFEEB008C742B;
			remoteInfo = piggybank;
		};
/* End PBXContainerItemProxy section */

/* Begin PBXFileReference section */
		BF1983F71BACFEEB008C742B /* piggybank.app */ = {isa = PBXFileReference; explicitFileType = wrapper.application; includeInIndex = 0; path = piggybank.app; sourceTree = BUILT_PRODUCTS_DIR; };
		BF1983FB1BACFEEB008C742B /* Info.plist */ = {isa = PBXFileReference; lastKnownFileType = text.plist.xml; path = Info.plist; sourceTree = "<group>"; };
		BF1983FC1BACFEEB008C742B /* AppDelegate.swift */ = {isa = PBXFileReference; lastKnownFileType = sourcecode.swift; path = AppDelegate.swift; sourceTree = "<group>"; };
		BF1983FE1BACFEEB008C742B /* ViewController.swift */ = {isa = PBXFileReference; lastKnownFileType = sourcecode.swift; path = ViewController.swift; sourceTree = "<group>"; };
		BF1984011BACFEEB008C742B /* Base */ = {isa = PBXFileReference; lastKnownFileType = file.storyboard; name = Base; path = Base.lproj/Main.storyboard; sourceTree = "<group>"; };
		BF1984031BACFEEB008C742B /* Images.xcassets */ = {isa = PBXFileReference; lastKnownFileType = folder.assetcatalog; path = Images.xcassets; sourceTree = "<group>"; };
		BF1984061BACFEEB008C742B /* Base */ = {isa = PBXFileReference; lastKnownFileType = file.xib; name = Base; path = Base.lproj/LaunchScreen.xib; sourceTree = "<group>"; };
		BF19840C1BACFEEB008C742B /* piggybankTests.xctest */ = {isa = PBXFileReference; explicitFileType = wrapper.cfbundle; includeInIndex = 0; path = piggybankTests.xctest; sourceTree = BUILT_PRODUCTS_DIR; };
		BF1984111BACFEEB008C742B /* Info.plist */ = {isa = PBXFileReference; lastKnownFileType = text.plist.xml; path = Info.plist; sourceTree = "<group>"; };
		BF1984121BACFEEB008C742B /* piggybankTests.swift */ = {isa = PBXFileReference; lastKnownFileType = sourcecode.swift; path = piggybankTests.swift; sourceTree = "<group>"; };
/* End PBXFileReference section */

/* Begin PBXFrameworksBuildPhase section */
		BF1983F41BACFEEB008C742B /* Frameworks */ = {
			isa = PBXFrameworksBuildPhase;
			buildActionMask = 2147483647;
			files = (
			);
			runOnlyForDeploymentPostprocessing = 0;
		};
		BF1984091BACFEEB008C742B /* Frameworks */ = {
			isa = PBXFrameworksBuildPhase;
			buildActionMask = 2147483647;
			files = (
			);
			runOnlyForDeploymentPostprocessing = 0;
		};
/* End PBXFrameworksBuildPhase section */

/* Begin PBXGroup section */
		BF1983EE1BACFEEB008C742B = {
			isa = PBXGroup;
			children = (
				BF1983F91BACFEEB008C742B /* piggybank */,
				BF19840F1BACFEEB008C742B /* piggybankTests */,
				BF1983F81BACFEEB008C742B /* Products */,
			);
			sourceTree = "<group>";
		};
		BF1983F81BACFEEB008C742B /* Products */ = {
			isa = PBXGroup;
			children = (
				BF1983F71BACFEEB008C742B /* piggybank.app */,
				BF19840C1BACFEEB008C742B /* piggybankTests.xctest */,
			);
			name = Products;
			sourceTree = "<group>";
		};
		BF1983F91BACFEEB008C742B /* piggybank */ = {
			isa = PBXGroup;
			children = (
				BF1983FC1BACFEEB008C742B /* AppDelegate.swift */,
				BF1983FE1BACFEEB008C742B /* ViewController.swift */,
				BF1984001BACFEEB008C742B /* Main.storyboard */,
				BF1984031BACFEEB008C742B /* Images.xcassets */,
				BF1984051BACFEEB008C742B /* LaunchScreen.xib */,
				BF1983FA1BACFEEB008C742B /* Supporting Files */,
			);
			path = piggybank;
			sourceTree = "<group>";
		};
		BF1983FA1BACFEEB008C742B /* Supporting Files */ = {
			isa = PBXGroup;
			children = (
				BF1983FB1BACFEEB008C742B /* Info.plist */,
			);
			name = "Supporting Files";
			sourceTree = "<group>";
		};
		BF19840F1BACFEEB008C742B /* piggybankTests */ = {
			isa = PBXGroup;
			children = (
				BF1984121BACFEEB008C742B /* piggybankTests.swift */,
				BF1984101BACFEEB008C742B /* Supporting Files */,
			);
			path = piggybankTests;
			sourceTree = "<group>";
		};
		BF1984101BACFEEB008C742B /* Supporting Files */ = {
			isa = PBXGroup;
			children = (
				BF1984111BACFEEB008C742B /* Info.plist */,
			);
			name = "Supporting Files";
			sourceTree = "<group>";
		};
/* End PBXGroup section */

/* Begin PBXNativeTarget section */
		BF1983F61BACFEEB008C742B /* piggybank */ = {
			isa = PBXNativeTarget;
			buildConfigurationList = BF1984161BACFEEB008C742B /* Build configuration list for PBXNativeTarget "piggybank" */;
			buildPhases = (
				BF1983F31BACFEEB008C742B /* Sources */,
				BF1983F41BACFEEB008C742B /* Frameworks */,
				BF1983F51BACFEEB008C742B /* Resources */,
			);
			buildRules = (
			);
			dependencies = (
			);
			name = piggybank;
			productName = piggybank;
			productReference = BF1983F71BACFEEB008C742B /* piggybank.app */;
			productType = "com.apple.product-type.application";
		};
		BF19840B1BACFEEB008C742B /* piggybankTests */ = {
			isa = PBXNativeTarget;
			buildConfigurationList = BF1984191BACFEEB008C742B /* Build configuration list for PBXNativeTarget "piggybankTests" */;
			buildPhases = (
				BF1984081BACFEEB008C742B /* Sources */,
				BF1984091BACFEEB008C742B /* Frameworks */,
				BF19840A1BACFEEB008C742B /* Resources */,
			);
			buildRules = (
			);
			dependencies = (
				BF19840E1BACFEEB008C742B /* PBXTargetDependency */,
			);
			name = piggybankTests;
			productName = piggybankTests;
			productReference = BF19840C1BACFEEB008C742B /* piggybankTests.xctest */;
			productType = "com.apple.product-type.bundle.unit-test";
		};
/* End PBXNativeTarget section */

/* Begin PBXProject section */
		BF1983EF1BACFEEB008C742B /* Project object */ = {
			isa = PBXProject;
			attributes = {
				LastUpgradeCheck = 0640;
				ORGANIZATIONNAME = "Takehiro Ishii";
				TargetAttributes = {
					BF1983F61BACFEEB008C742B = {
						CreatedOnToolsVersion = 6.4;
					};
					BF19840B1BACFEEB008C742B = {
						CreatedOnToolsVersion = 6.4;
						TestTargetID = BF1983F61BACFEEB008C742B;
					};
				};
			};
			buildConfigurationList = BF1983F21BACFEEB008C742B /* Build configuration list for PBXProject "piggybank" */;
			compatibilityVersion = "Xcode 3.2";
			developmentRegion = English;
			hasScannedForEncodings = 0;
			knownRegions = (
				en,
				Base,
			);
			mainGroup = BF1983EE1BACFEEB008C742B;
			productRefGroup = BF1983F81BACFEEB008C742B /* Products */;
			projectDirPath = "";
			projectRoot = "";
			targets = (
				BF1983F61BACFEEB008C742B /* piggybank */,
				BF19840B1BACFEEB008C742B /* piggybankTests */,
			);
		};
/* End PBXProject section */

/* Begin PBXResourcesBuildPhase section */
		BF1983F51BACFEEB008C742B /* Resources */ = {
			isa = PBXResourcesBuildPhase;
			buildActionMask = 2147483647;
			files = (
				BF1984021BACFEEB008C742B /* Main.storyboard in Resources */,
				BF1984071BACFEEB008C742B /* LaunchScreen.xib in Resources */,
				BF1984041BACFEEB008C742B /* Images.xcassets in Resources */,
			);
			runOnlyForDeploymentPostprocessing = 0;
		};
		BF19840A1BACFEEB008C742B /* Resources */ = {
			isa = PBXResourcesBuildPhase;
			buildActionMask = 2147483647;
			files = (
			);
			runOnlyForDeploymentPostprocessing = 0;
		};
/* End PBXResourcesBuildPhase section */

/* Begin PBXSourcesBuildPhase section */
		BF1983F31BACFEEB008C742B /* Sources */ = {
			isa = PBXSourcesBuildPhase;
			buildActionMask = 2147483647;
			files = (
				BF1983FF1BACFEEB008C742B /* ViewController.swift in Sources */,
				BF1983FD1BACFEEB008C742B /* AppDelegate.swift in Sources */,
			);
			runOnlyForDeploymentPostprocessing = 0;
		};
		BF1984081BACFEEB008C742B /* Sources */ = {
			isa = PBXSourcesBuildPhase;
			buildActionMask = 2147483647;
			files = (
				BF1984131BACFEEB008C742B /* piggybankTests.swift in Sources */,
			);
			runOnlyForDeploymentPostprocessing = 0;
		};
/* End PBXSourcesBuildPhase section */

/* Begin PBXTargetDependency section */
		BF19840E1BACFEEB008C742B /* PBXTargetDependency */ = {
			isa = PBXTargetDependency;
			target = BF1983F61BACFEEB008C742B /* piggybank */;
			targetProxy = BF19840D1BACFEEB008C742B /* PBXContainerItemProxy */;
		};
/* End PBXTargetDependency section */

/* Begin PBXVariantGroup section */
		BF1984001BACFEEB008C742B /* Main.storyboard */ = {
			isa = PBXVariantGroup;
			children = (
				BF1984011BACFEEB008C742B /* Base */,
			);
			name = Main.storyboard;
			sourceTree = "<group>";
		};
		BF1984051BACFEEB008C742B /* LaunchScreen.xib */ = {
			isa = PBXVariantGroup;
			children = (
				BF1984061BACFEEB008C742B /* Base */,
			);
			name = LaunchScreen.xib;
			sourceTree = "<group>";
		};
/* End PBXVariantGroup section */

/* Begin XCBuildConfiguration section */
		BF1984141BACFEEB008C742B /* Debug */ = {
			isa = XCBuildConfiguration;
			buildSettings = {
				ALWAYS_SEARCH_USER_PATHS = NO;
				CLANG_CXX_LANGUAGE_STANDARD = "gnu++0x";
				CLANG_CXX_LIBRARY = "libc++";
				CLANG_ENABLE_MODULES = YES;
				CLANG_ENABLE_OBJC_ARC = YES;
				CLANG_WARN_BOOL_CONVERSION = YES;
				CLANG_WARN_CONSTANT_CONVERSION = YES;
				CLANG_WARN_DIRECT_OBJC_ISA_USAGE = YES_ERROR;
				CLANG_WARN_EMPTY_BODY = YES;
				CLANG_WARN_ENUM_CONVERSION = YES;
				CLANG_WARN_INT_CONVERSION = YES;
				CLANG_WARN_OBJC_ROOT_CLASS = YES_ERROR;
				CLANG_WARN_UNREACHABLE_CODE = YES;
				CLANG_WARN__DUPLICATE_METHOD_MATCH = YES;
				"CODE_SIGN_IDENTITY[sdk=iphoneos*]" = "iPhone Developer";
				COPY_PHASE_STRIP = NO;
				DEBUG_INFORMATION_FORMAT = "dwarf-with-dsym";
				ENABLE_STRICT_OBJC_MSGSEND = YES;
				GCC_C_LANGUAGE_STANDARD = gnu99;
				GCC_DYNAMIC_NO_PIC = NO;
				GCC_NO_COMMON_BLOCKS = YES;
				GCC_OPTIMIZATION_LEVEL = 0;
				GCC_PREPROCESSOR_DEFINITIONS = (
					"DEBUG=1",
					"$(inherited)",
				);
				GCC_SYMBOLS_PRIVATE_EXTERN = NO;
				GCC_WARN_64_TO_32_BIT_CONVERSION = YES;
				GCC_WARN_ABOUT_RETURN_TYPE = YES_ERROR;
				GCC_WARN_UNDECLARED_SELECTOR = YES;
				GCC_WARN_UNINITIALIZED_AUTOS = YES_AGGRESSIVE;
				GCC_WARN_UNUSED_FUNCTION = YES;
				GCC_WARN_UNUSED_VARIABLE = YES;
				IPHONEOS_DEPLOYMENT_TARGET = 8.4;
				MTL_ENABLE_DEBUG_INFO = YES;
				ONLY_ACTIVE_ARCH = YES;
				SDKROOT = iphoneos;
				SWIFT_OPTIMIZATION_LEVEL = "-Onone";
			};
			name = Debug;
		};
		BF1984151BACFEEB008C742B /* Release */ = {
			isa = XCBuildConfiguration;
			buildSettings = {
				ALWAYS_SEARCH_USER_PATHS = NO;
				CLANG_CXX_LANGUAGE_STANDARD = "gnu++0x";
				CLANG_CXX_LIBRARY = "libc++";
				CLANG_ENABLE_MODULES = YES;
				CLANG_ENABLE_OBJC_ARC = YES;
				CLANG_WARN_BOOL_CONVERSION = YES;
				CLANG_WARN_CONSTANT_CONVERSION = YES;
				CLANG_WARN_DIRECT_OBJC_ISA_USAGE = YES_ERROR;
				CLANG_WARN_EMPTY_BODY = YES;
				CLANG_WARN_ENUM_CONVERSION = YES;
				CLANG_WARN_INT_CONVERSION = YES;
				CLANG_WARN_OBJC_ROOT_CLASS = YES_ERROR;
				CLANG_WARN_UNREACHABLE_CODE = YES;
				CLANG_WARN__DUPLICATE_METHOD_MATCH = YES;
				"CODE_SIGN_IDENTITY[sdk=iphoneos*]" = "iPhone Developer";
				COPY_PHASE_STRIP = NO;
				DEBUG_INFORMATION_FORMAT = "dwarf-with-dsym";
				ENABLE_NS_ASSERTIONS = NO;
				ENABLE_STRICT_OBJC_MSGSEND = YES;
				GCC_C_LANGUAGE_STANDARD = gnu99;
				GCC_NO_COMMON_BLOCKS = YES;
				GCC_WARN_64_TO_32_BIT_CONVERSION = YES;
				GCC_WARN_ABOUT_RETURN_TYPE = YES_ERROR;
				GCC_WARN_UNDECLARED_SELECTOR = YES;
				GCC_WARN_UNINITIALIZED_AUTOS = YES_AGGRESSIVE;
				GCC_WARN_UNUSED_FUNCTION = YES;
				GCC_WARN_UNUSED_VARIABLE = YES;
				IPHONEOS_DEPLOYMENT_TARGET = 8.4;
				MTL_ENABLE_DEBUG_INFO = NO;
				SDKROOT = iphoneos;
				VALIDATE_PRODUCT = YES;
			};
			name = Release;
		};
		BF1984171BACFEEB008C742B /* Debug */ = {
			isa = XCBuildConfiguration;
			buildSettings = {
				ASSETCATALOG_COMPILER_APPICON_NAME = AppIcon;
				INFOPLIST_FILE = piggybank/Info.plist;
				LD_RUNPATH_SEARCH_PATHS = "$(inherited) @executable_path/Frameworks";
				PRODUCT_NAME = "$(TARGET_NAME)";
			};
			name = Debug;
		};
		BF1984181BACFEEB008C742B /* Release */ = {
			isa = XCBuildConfiguration;
			buildSettings = {
				ASSETCATALOG_COMPILER_APPICON_NAME = AppIcon;
				INFOPLIST_FILE = piggybank/Info.plist;
				LD_RUNPATH_SEARCH_PATHS = "$(inherited) @executable_path/Frameworks";
				PRODUCT_NAME = "$(TARGET_NAME)";
			};
			name = Release;
		};
		BF19841A1BACFEEB008C742B /* Debug */ = {
			isa = XCBuildConfiguration;
			buildSettings = {
				BUNDLE_LOADER = "$(TEST_HOST)";
				FRAMEWORK_SEARCH_PATHS = (
					"$(SDKROOT)/Developer/Library/Frameworks",
					"$(inherited)",
				);
				GCC_PREPROCESSOR_DEFINITIONS = (
					"DEBUG=1",
					"$(inherited)",
				);
				INFOPLIST_FILE = piggybankTests/Info.plist;
				LD_RUNPATH_SEARCH_PATHS = "$(inherited) @executable_path/Frameworks @loader_path/Frameworks";
				PRODUCT_NAME = "$(TARGET_NAME)";
				TEST_HOST = "$(BUILT_PRODUCTS_DIR)/piggybank.app/piggybank";
			};
			name = Debug;
		};
		BF19841B1BACFEEB008C742B /* Release */ = {
			isa = XCBuildConfiguration;
			buildSettings = {
				BUNDLE_LOADER = "$(TEST_HOST)";
				FRAMEWORK_SEARCH_PATHS = (
					"$(SDKROOT)/Developer/Library/Frameworks",
					"$(inherited)",
				);
				INFOPLIST_FILE = piggybankTests/Info.plist;
				LD_RUNPATH_SEARCH_PATHS = "$(inherited) @executable_path/Frameworks @loader_path/Frameworks";
				PRODUCT_NAME = "$(TARGET_NAME)";
				TEST_HOST = "$(BUILT_PRODUCTS_DIR)/piggybank.app/piggybank";
			};
			name = Release;
		};
/* End XCBuildConfiguration section */

/* Begin XCConfigurationList section */
		BF1983F21BACFEEB008C742B /* Build configuration list for PBXProject "piggybank" */ = {
			isa = XCConfigurationList;
			buildConfigurations = (
				BF1984141BACFEEB008C742B /* Debug */,
				BF1984151BACFEEB008C742B /* Release */,
			);
			defaultConfigurationIsVisible = 0;
			defaultConfigurationName = Release;
		};
		BF1984161BACFEEB008C742B /* Build configuration list for PBXNativeTarget "piggybank" */ = {
			isa = XCConfigurationList;
			buildConfigurations = (
				BF1984171BACFEEB008C742B /* Debug */,
				BF1984181BACFEEB008C742B /* Release */,
			);
			defaultConfigurationIsVisible = 0;
		};
		BF1984191BACFEEB008C742B /* Build configuration list for PBXNativeTarget "piggybankTests" */ = {
			isa = XCConfigurationList;
			buildConfigurations = (
				BF19841A1BACFEEB008C742B /* Debug */,
				BF19841B1BACFEEB008C742B /* Release */,
			);
			defaultConfigurationIsVisible = 0;
		};
/* End XCConfigurationList section */
	};
	rootObject = BF1983EF1BACFEEB008C742B /* Project object */;
}
